
Microsoft Visual Studio Solution File, Format Version 12.00
# Visual Studio Version 16
VisualStudioVersion = 16.0.32901.82
MinimumVisualStudioVersion = 10.0.40219.1
Project("{FAE04EC0-301F-11D3-BF4B-00C04F79EFBC}") = "AutoServiceSystem", "AutoServiceSystem.csproj", "{005E87C8-DCC4-4A5B-838D-346EB00C0D0C}"
EndProject
Global
	GlobalSection(SolutionConfigurationPlatforms) = preSolution
		Debug|Any CPU = Debug|Any CPU
		Release|Any CPU = Release|Any CPU
	EndGlobalSection
	GlobalSection(ProjectConfigurationPlatforms) = postSolution
		{005E87C8-DCC4-4A5B-838D-346EB00C0D0C}.Debug|Any CPU.ActiveCfg = Debug|Any CPU
		{005E87C8-DCC4-4A5B-838D-346EB00C0D0C}.Debug|Any CPU.Build.0 = Debug|Any CPU
		{005E87C8-DCC4-4A5B-838D-346EB00C0D0C}.Release|Any CPU.ActiveCfg = Release|Any CPU
		{005E87C8-DCC4-4A5B-838D-346EB00C0D0C}.Release|Any CPU.Build.0 = Release|Any CPU
	EndGlobalSection
	GlobalSection(SolutionProperties) = preSolution
		HideSolutionNode = FALSE
	EndGlobalSection
	GlobalSection(ExtensibilityGlobals) = postSolution
		SolutionGuid = {2394C5F3-8B29-47EA-A428-01CD5A615D02}
	EndGlobalSection
EndGlobal
